
Microsoft Visual Studio Solution File, Format Version 12.00
# Visual Studio Version 17
VisualStudioVersion = 17.9.34607.119
MinimumVisualStudioVersion = 10.0.40219.1
Project("{FAE04EC0-301F-11D3-BF4B-00C04F79EFBC}") = "FirstCSharpProgram", "FirstCSharpProgram.csproj", "{EB69526D-F3EB-4A00-8415-999FB62DC404}"
EndProject
Global
	GlobalSection(SolutionConfigurationPlatforms) = preSolution
		Debug|Any CPU = Debug|Any CPU
		Release|Any CPU = Release|Any CPU
	EndGlobalSection
	GlobalSection(ProjectConfigurationPlatforms) = postSolution
		{EB69526D-F3EB-4A00-8415-999FB62DC404}.Debug|Any CPU.ActiveCfg = Debug|Any CPU
		{EB69526D-F3EB-4A00-8415-999FB62DC404}.Debug|Any CPU.Build.0 = Debug|Any CPU
		{EB69526D-F3EB-4A00-8415-999FB62DC404}.Release|Any CPU.ActiveCfg = Release|Any CPU
		{EB69526D-F3EB-4A00-8415-999FB62DC404}.Release|Any CPU.Build.0 = Release|Any CPU
	EndGlobalSection
	GlobalSection(SolutionProperties) = preSolution
		HideSolutionNode = FALSE
	EndGlobalSection
	GlobalSection(ExtensibilityGlobals) = postSolution
		SolutionGuid = {8DF10926-4F8A-4C3E-8883-4F7C9616EC27}
	EndGlobalSection
EndGlobal
